<?xml version="1.0" encoding="UTF-8"?>
<!DOCTYPE plist PUBLIC "-//Apple//DTD PLIST 1.0//EN" "http://www.apple.com/DTDs/PropertyList-1.0.dtd">
<plist version="1.0">
<dict>
	<key>archiveVersion</key>
	<string>1</string>
	<key>classes</key>
	<dict>
	</dict>
	<key>objectVersion</key>
	<string>46</string>
	<key>objects</key>
	<dict>
		<key>2b3cb8b7-311f-4fb7-8749-51484adf9bf2build</key>
		<dict>
			<key>fileRef</key>
			<string>2b3cb8b7-311f-4fb7-8749-51484adf9bf2file</string>
			<key>isa</key>
			<string>PBXBuildFile</string>
			<key>settings</key>
			<dict>
				<key>ATTRIBUTES</key>
				<array>
					<string>Weak</string>
				</array>
			</dict>
		</dict>
		<key>2b3cb8b7-311f-4fb7-8749-51484adf9bf2file</key>
		<dict>
			<key>isa</key>
			<string>PBXFileReference</string>
			<key>path</key>
			<string>usr/lib/libc++.dylib</string>
			<key>sourceTree</key>
			<string>SDKROOT</string>
		</dict>
		<key>30541f81-723e-4acf-8bd1-4b1459589423build</key>
		<dict>
			<key>fileRef</key>
			<string>30541f81-723e-4acf-8bd1-4b1459589423file</string>
			<key>isa</key>
			<string>PBXBuildFile</string>
			<key>settings</key>
			<dict>
				<key>ATTRIBUTES</key>
				<array>
					<string>Weak</string>
				</array>
			</dict>
		</dict>
		<key>30541f81-723e-4acf-8bd1-4b1459589423file</key>
		<dict>
			<key>isa</key>
			<string>PBXFileReference</string>
			<key>path</key>
			<string>System/Library/Frameworks/Security.framework</string>
			<key>sourceTree</key>
			<string>SDKROOT</string>
		</dict>
		<key>6604b0d9-9619-464d-be0f-046cdc581ba4build</key>
		<dict>
			<key>fileRef</key>
			<string>6604b0d9-9619-464d-be0f-046cdc581ba4file</string>
			<key>isa</key>
			<string>PBXBuildFile</string>
			<key>settings</key>
			<dict>
				<key>ATTRIBUTES</key>
				<array>
					<string>Weak</string>
				</array>
			</dict>
		</dict>
		<key>6604b0d9-9619-464d-be0f-046cdc581ba4file</key>
		<dict>
			<key>isa</key>
			<string>PBXFileReference</string>
			<key>path</key>
			<string>System/Library/Frameworks/CoreLocation.framework</string>
			<key>sourceTree</key>
			<string>SDKROOT</string>
		</dict>
		<key>714102EC1F9F87B0002368E7</key>
		<dict>
			<key>isa</key>
			<string>PBXFileReference</string>
			<key>lastKnownFileType</key>
			<string>wrapper.framework</string>
			<key>name</key>
			<string>AVFoundation.framework</string>
			<key>path</key>
			<string>System/Library/Frameworks/AVFoundation.framework</string>
			<key>sourceTree</key>
			<string>SDKROOT</string>
		</dict>
		<key>714102ED1F9F87B7002368E7</key>
		<dict>
			<key>fileRef</key>
			<string>714102EC1F9F87B0002368E7</string>
			<key>isa</key>
			<string>PBXBuildFile</string>
		</dict>
		<key>714102EE1F9F87BD002368E7</key>
		<dict>
			<key>isa</key>
			<string>PBXFileReference</string>
			<key>lastKnownFileType</key>
			<string>wrapper.framework</string>
			<key>name</key>
			<string>Photos.framework</string>
			<key>path</key>
			<string>System/Library/Frameworks/Photos.framework</string>
			<key>sourceTree</key>
			<string>SDKROOT</string>
		</dict>
		<key>714102EF1F9F87C5002368E7</key>
		<dict>
			<key>fileRef</key>
			<string>714102EE1F9F87BD002368E7</string>
			<key>isa</key>
			<string>PBXBuildFile</string>
		</dict>
		<key>718AC6E81D5DB666008FB3AE</key>
		<dict>
			<key>isa</key>
			<string>PBXFileReference</string>
			<key>lastKnownFileType</key>
			<string>folder.assetcatalog</string>
			<key>path</key>
			<string>Images.xcassets</string>
			<key>sourceTree</key>
			<string>&lt;group&gt;</string>
		</dict>
		<key>718AC6E91D5DB666008FB3AE</key>
		<dict>
			<key>fileEncoding</key>
			<string>4</string>
			<key>isa</key>
			<string>PBXFileReference</string>
			<key>lastKnownFileType</key>
			<string>file.storyboard</string>
			<key>path</key>
			<string>Launch Screen.storyboard</string>
			<key>sourceTree</key>
			<string>&lt;group&gt;</string>
		</dict>
		<key>718AC6EA1D5DB666008FB3AE</key>
		<dict>
			<key>children</key>
			<array>
				<string>718AC6EB1D5DB666008FB3AE</string>
				<string>718AC6EC1D5DB666008FB3AE</string>
				<string>718AC6ED1D5DB666008FB3AE</string>
				<string>718AC6EE1D5DB666008FB3AE</string>
			</array>
			<key>isa</key>
			<string>PBXGroup</string>
			<key>path</key>
			<string>Splash</string>
			<key>sourceTree</key>
			<string>&lt;group&gt;</string>
		</dict>
		<key>718AC6EB1D5DB666008FB3AE</key>
		<dict>
			<key>isa</key>
			<string>PBXFileReference</string>
			<key>lastKnownFileType</key>
			<string>image.png</string>
			<key>path</key>
			<string>wC_hR.png</string>
			<key>sourceTree</key>
			<string>&lt;group&gt;</string>
		</dict>
		<key>718AC6EC1D5DB666008FB3AE</key>
		<dict>
			<key>isa</key>
			<string>PBXFileReference</string>
			<key>lastKnownFileType</key>
			<string>image.png</string>
			<key>path</key>
			<string>wC_hC.png</string>
			<key>sourceTree</key>
			<string>&lt;group&gt;</string>
		</dict>
		<key>718AC6ED1D5DB666008FB3AE</key>
		<dict>
			<key>isa</key>
			<string>PBXFileReference</string>
			<key>lastKnownFileType</key>
			<string>image.png</string>
			<key>path</key>
			<string>wR_hC.png</string>
			<key>sourceTree</key>
			<string>&lt;group&gt;</string>
		</dict>
		<key>718AC6EE1D5DB666008FB3AE</key>
		<dict>
			<key>isa</key>
			<string>PBXFileReference</string>
			<key>lastKnownFileType</key>
			<string>image.png</string>
			<key>path</key>
			<string>wR_hR.png</string>
			<key>sourceTree</key>
			<string>&lt;group&gt;</string>
		</dict>
		<key>718AC6EF1D5DB666008FB3AE</key>
		<dict>
			<key>fileRef</key>
			<string>718AC6E81D5DB666008FB3AE</string>
			<key>isa</key>
			<string>PBXBuildFile</string>
		</dict>
		<key>718AC6F01D5DB666008FB3AE</key>
		<dict>
			<key>fileRef</key>
			<string>718AC6E91D5DB666008FB3AE</string>
			<key>isa</key>
			<string>PBXBuildFile</string>
		</dict>
		<key>718AC6F11D5DB666008FB3AE</key>
		<dict>
			<key>fileRef</key>
			<string>718AC6EB1D5DB666008FB3AE</string>
			<key>isa</key>
			<string>PBXBuildFile</string>
		</dict>
		<key>718AC6F21D5DB666008FB3AE</key>
		<dict>
			<key>fileRef</key>
			<string>718AC6EC1D5DB666008FB3AE</string>
			<key>isa</key>
			<string>PBXBuildFile</string>
		</dict>
		<key>718AC6F31D5DB666008FB3AE</key>
		<dict>
			<key>fileRef</key>
			<string>718AC6ED1D5DB666008FB3AE</string>
			<key>isa</key>
			<string>PBXBuildFile</string>
		</dict>
		<key>718AC6F41D5DB666008FB3AE</key>
		<dict>
			<key>fileRef</key>
			<string>718AC6EE1D5DB666008FB3AE</string>
			<key>isa</key>
			<string>PBXBuildFile</string>
		</dict>
		<key>71BA1B5A1D93CF7100008EC9</key>
		<dict>
			<key>fileEncoding</key>
			<string>4</string>
			<key>isa</key>
			<string>PBXFileReference</string>
			<key>lastKnownFileType</key>
			<string>file.storyboard</string>
			<key>path</key>
			<string>Launch Screen Manual.storyboard</string>
			<key>sourceTree</key>
			<string>&lt;group&gt;</string>
		</dict>
		<key>71BA1B5B1D93CF7100008EC9</key>
		<dict>
			<key>fileRef</key>
			<string>71BA1B5A1D93CF7100008EC9</string>
			<key>isa</key>
			<string>PBXBuildFile</string>
		</dict>
		<key>71D16B591D7EDC0B000B7DCE</key>
		<dict>
			<key>children</key>
			<array>
				<string>71D16B5E1D7EDC28000B7DCE</string>
			</array>
			<key>isa</key>
			<string>PBXGroup</string>
			<key>path</key>
			<string>i8n</string>
			<key>sourceTree</key>
			<string>&lt;group&gt;</string>
		</dict>
		<key>71D16B5C1D7EDC28000B7DCE</key>
		<dict>
			<key>fileRef</key>
			<string>71D16B5E1D7EDC28000B7DCE</string>
			<key>isa</key>
			<string>PBXBuildFile</string>
		</dict>
		<key>71D16B5D1D7EDC28000B7DCE</key>
		<dict>
			<key>isa</key>
			<string>PBXFileReference</string>
			<key>lastKnownFileType</key>
			<string>text.plist.strings</string>
			<key>name</key>
			<string>en</string>
			<key>path</key>
			<string>en.lproj/InfoPlist.strings</string>
			<key>sourceTree</key>
			<string>&lt;group&gt;</string>
		</dict>
		<key>71D16B5E1D7EDC28000B7DCE</key>
		<dict>
			<key>children</key>
			<array>
				<string>71D16B5D1D7EDC28000B7DCE</string>
				<string>71D16B5F1D7EDC42000B7DCE</string>
				<string>71D16B601D7EDC50000B7DCE</string>
				<string>71D16B611D7EDC53000B7DCE</string>
				<string>71D16B621D7EDC56000B7DCE</string>
				<string>71D16B631D7EDC59000B7DCE</string>
				<string>71D16B641D7EDC5C000B7DCE</string>
				<string>71D16B651D7EDC62000B7DCE</string>
				<string>71D16B661D7EDC65000B7DCE</string>
				<string>71D16B671D7EDC68000B7DCE</string>
				<string>71D16B681D7EDC6B000B7DCE</string>
				<string>71D16B691D7EDC6D000B7DCE</string>
				<string>71D16B6A1D7EDC70000B7DCE</string>
				<string>71D16B6B1D7EDC73000B7DCE</string>
				<string>71D16B6C1D7EDC79000B7DCE</string>
				<string>71D16B6D1D7EDC7C000B7DCE</string>
				<string>71D16B6E1D7EDC7E000B7DCE</string>
				<string>71D16B6F1D7EDC81000B7DCE</string>
				<string>71D16B701D7EDC84000B7DCE</string>
				<string>71D16B711D7EDC87000B7DCE</string>
				<string>71D16B721D7EDC8A000B7DCE</string>
				<string>71D16B731D7EDC8D000B7DCE</string>
				<string>71D16B741D7EDC90000B7DCE</string>
				<string>71D16B751D7EDC93000B7DCE</string>
				<string>71D16B761D7EDC96000B7DCE</string>
				<string>71D16B771D7EDC98000B7DCE</string>
				<string>71D16B781D7EDC9B000B7DCE</string>
				<string>71D16B791D7EDC9E000B7DCE</string>
				<string>71D16B7A1D7EDCA0000B7DCE</string>
				<string>71D16B7B1D7EDCA3000B7DCE</string>
				<string>71D16B7C1D7EDCA6000B7DCE</string>
				<string>71D16B7D1D7EDCA9000B7DCE</string>
				<string>71D16B7E1D7EDCAB000B7DCE</string>
				<string>71D16B7F1D7EDCAF000B7DCE</string>
				<string>71D16B801D7EDCB1000B7DCE</string>
			</array>
			<key>isa</key>
			<string>PBXVariantGroup</string>
			<key>name</key>
			<string>InfoPlist.strings</string>
			<key>sourceTree</key>
			<string>&lt;group&gt;</string>
		</dict>
		<key>71D16B5F1D7EDC42000B7DCE</key>
		<dict>
			<key>isa</key>
			<string>PBXFileReference</string>
			<key>lastKnownFileType</key>
			<string>text.plist.strings</string>
			<key>name</key>
			<string>fr</string>
			<key>path</key>
			<string>fr.lproj/InfoPlist.strings</string>
			<key>sourceTree</key>
			<string>&lt;group&gt;</string>
		</dict>
		<key>71D16B601D7EDC50000B7DCE</key>
		<dict>
			<key>isa</key>
			<string>PBXFileReference</string>
			<key>lastKnownFileType</key>
			<string>text.plist.strings</string>
			<key>name</key>
			<string>af</string>
			<key>path</key>
			<string>af.lproj/InfoPlist.strings</string>
			<key>sourceTree</key>
			<string>&lt;group&gt;</string>
		</dict>
		<key>71D16B611D7EDC53000B7DCE</key>
		<dict>
			<key>isa</key>
			<string>PBXFileReference</string>
			<key>lastKnownFileType</key>
			<string>text.plist.strings</string>
			<key>name</key>
			<string>de</string>
			<key>path</key>
			<string>de.lproj/InfoPlist.strings</string>
			<key>sourceTree</key>
			<string>&lt;group&gt;</string>
		</dict>
		<key>71D16B621D7EDC56000B7DCE</key>
		<dict>
			<key>isa</key>
			<string>PBXFileReference</string>
			<key>lastKnownFileType</key>
			<string>text.plist.strings</string>
			<key>name</key>
			<string>zh-Hans</string>
			<key>path</key>
			<string>zh-Hans.lproj/InfoPlist.strings</string>
			<key>sourceTree</key>
			<string>&lt;group&gt;</string>
		</dict>
		<key>71D16B631D7EDC59000B7DCE</key>
		<dict>
			<key>isa</key>
			<string>PBXFileReference</string>
			<key>lastKnownFileType</key>
			<string>text.plist.strings</string>
			<key>name</key>
			<string>zh-Hant</string>
			<key>path</key>
			<string>zh-Hant.lproj/InfoPlist.strings</string>
			<key>sourceTree</key>
			<string>&lt;group&gt;</string>
		</dict>
		<key>71D16B641D7EDC5C000B7DCE</key>
		<dict>
			<key>isa</key>
			<string>PBXFileReference</string>
			<key>lastKnownFileType</key>
			<string>text.plist.strings</string>
			<key>name</key>
			<string>ja</string>
			<key>path</key>
			<string>ja.lproj/InfoPlist.strings</string>
			<key>sourceTree</key>
			<string>&lt;group&gt;</string>
		</dict>
		<key>71D16B651D7EDC62000B7DCE</key>
		<dict>
			<key>isa</key>
			<string>PBXFileReference</string>
			<key>lastKnownFileType</key>
			<string>text.plist.strings</string>
			<key>name</key>
			<string>es</string>
			<key>path</key>
			<string>es.lproj/InfoPlist.strings</string>
			<key>sourceTree</key>
			<string>&lt;group&gt;</string>
		</dict>
		<key>71D16B661D7EDC65000B7DCE</key>
		<dict>
			<key>isa</key>
			<string>PBXFileReference</string>
			<key>lastKnownFileType</key>
			<string>text.plist.strings</string>
			<key>name</key>
			<string>es-MX</string>
			<key>path</key>
			<string>es-MX.lproj/InfoPlist.strings</string>
			<key>sourceTree</key>
			<string>&lt;group&gt;</string>
		</dict>
		<key>71D16B671D7EDC68000B7DCE</key>
		<dict>
			<key>isa</key>
			<string>PBXFileReference</string>
			<key>lastKnownFileType</key>
			<string>text.plist.strings</string>
			<key>name</key>
			<string>it</string>
			<key>path</key>
			<string>it.lproj/InfoPlist.strings</string>
			<key>sourceTree</key>
			<string>&lt;group&gt;</string>
		</dict>
		<key>71D16B681D7EDC6B000B7DCE</key>
		<dict>
			<key>isa</key>
			<string>PBXFileReference</string>
			<key>lastKnownFileType</key>
			<string>text.plist.strings</string>
			<key>name</key>
			<string>nl</string>
			<key>path</key>
			<string>nl.lproj/InfoPlist.strings</string>
			<key>sourceTree</key>
			<string>&lt;group&gt;</string>
		</dict>
		<key>71D16B691D7EDC6D000B7DCE</key>
		<dict>
			<key>isa</key>
			<string>PBXFileReference</string>
			<key>lastKnownFileType</key>
			<string>text.plist.strings</string>
			<key>name</key>
			<string>pt-BR</string>
			<key>path</key>
			<string>pt-BR.lproj/InfoPlist.strings</string>
			<key>sourceTree</key>
			<string>&lt;group&gt;</string>
		</dict>
		<key>71D16B6A1D7EDC70000B7DCE</key>
		<dict>
			<key>isa</key>
			<string>PBXFileReference</string>
			<key>lastKnownFileType</key>
			<string>text.plist.strings</string>
			<key>name</key>
			<string>ko</string>
			<key>path</key>
			<string>ko.lproj/InfoPlist.strings</string>
			<key>sourceTree</key>
			<string>&lt;group&gt;</string>
		</dict>
		<key>71D16B6B1D7EDC73000B7DCE</key>
		<dict>
			<key>isa</key>
			<string>PBXFileReference</string>
			<key>lastKnownFileType</key>
			<string>text.plist.strings</string>
			<key>name</key>
			<string>pt-PT</string>
			<key>path</key>
			<string>pt-PT.lproj/InfoPlist.strings</string>
			<key>sourceTree</key>
			<string>&lt;group&gt;</string>
		</dict>
		<key>71D16B6C1D7EDC79000B7DCE</key>
		<dict>
			<key>isa</key>
			<string>PBXFileReference</string>
			<key>lastKnownFileType</key>
			<string>text.plist.strings</string>
			<key>name</key>
			<string>da</string>
			<key>path</key>
			<string>da.lproj/InfoPlist.strings</string>
			<key>sourceTree</key>
			<string>&lt;group&gt;</string>
		</dict>
		<key>71D16B6D1D7EDC7C000B7DCE</key>
		<dict>
			<key>isa</key>
			<string>PBXFileReference</string>
			<key>lastKnownFileType</key>
			<string>text.plist.strings</string>
			<key>name</key>
			<string>fi</string>
			<key>path</key>
			<string>fi.lproj/InfoPlist.strings</string>
			<key>sourceTree</key>
			<string>&lt;group&gt;</string>
		</dict>
		<key>71D16B6E1D7EDC7E000B7DCE</key>
		<dict>
			<key>isa</key>
			<string>PBXFileReference</string>
			<key>lastKnownFileType</key>
			<string>text.plist.strings</string>
			<key>name</key>
			<string>nb</string>
			<key>path</key>
			<string>nb.lproj/InfoPlist.strings</string>
			<key>sourceTree</key>
			<string>&lt;group&gt;</string>
		</dict>
		<key>71D16B6F1D7EDC81000B7DCE</key>
		<dict>
			<key>isa</key>
			<string>PBXFileReference</string>
			<key>lastKnownFileType</key>
			<string>text.plist.strings</string>
			<key>name</key>
			<string>sv</string>
			<key>path</key>
			<string>sv.lproj/InfoPlist.strings</string>
			<key>sourceTree</key>
			<string>&lt;group&gt;</string>
		</dict>
		<key>71D16B701D7EDC84000B7DCE</key>
		<dict>
			<key>isa</key>
			<string>PBXFileReference</string>
			<key>lastKnownFileType</key>
			<string>text.plist.strings</string>
			<key>name</key>
			<string>ru</string>
			<key>path</key>
			<string>ru.lproj/InfoPlist.strings</string>
			<key>sourceTree</key>
			<string>&lt;group&gt;</string>
		</dict>
		<key>71D16B711D7EDC87000B7DCE</key>
		<dict>
			<key>isa</key>
			<string>PBXFileReference</string>
			<key>lastKnownFileType</key>
			<string>text.plist.strings</string>
			<key>name</key>
			<string>pl</string>
			<key>path</key>
			<string>pl.lproj/InfoPlist.strings</string>
			<key>sourceTree</key>
			<string>&lt;group&gt;</string>
		</dict>
		<key>71D16B721D7EDC8A000B7DCE</key>
		<dict>
			<key>isa</key>
			<string>PBXFileReference</string>
			<key>lastKnownFileType</key>
			<string>text.plist.strings</string>
			<key>name</key>
			<string>tr</string>
			<key>path</key>
			<string>tr.lproj/InfoPlist.strings</string>
			<key>sourceTree</key>
			<string>&lt;group&gt;</string>
		</dict>
		<key>71D16B731D7EDC8D000B7DCE</key>
		<dict>
			<key>isa</key>
			<string>PBXFileReference</string>
			<key>lastKnownFileType</key>
			<string>text.plist.strings</string>
			<key>name</key>
			<string>ar</string>
			<key>path</key>
			<string>ar.lproj/InfoPlist.strings</string>
			<key>sourceTree</key>
			<string>&lt;group&gt;</string>
		</dict>
		<key>71D16B741D7EDC90000B7DCE</key>
		<dict>
			<key>isa</key>
			<string>PBXFileReference</string>
			<key>lastKnownFileType</key>
			<string>text.plist.strings</string>
			<key>name</key>
			<string>th</string>
			<key>path</key>
			<string>th.lproj/InfoPlist.strings</string>
			<key>sourceTree</key>
			<string>&lt;group&gt;</string>
		</dict>
		<key>71D16B751D7EDC93000B7DCE</key>
		<dict>
			<key>isa</key>
			<string>PBXFileReference</string>
			<key>lastKnownFileType</key>
			<string>text.plist.strings</string>
			<key>name</key>
			<string>cs</string>
			<key>path</key>
			<string>cs.lproj/InfoPlist.strings</string>
			<key>sourceTree</key>
			<string>&lt;group&gt;</string>
		</dict>
		<key>71D16B761D7EDC96000B7DCE</key>
		<dict>
			<key>isa</key>
			<string>PBXFileReference</string>
			<key>lastKnownFileType</key>
			<string>text.plist.strings</string>
			<key>name</key>
			<string>hu</string>
			<key>path</key>
			<string>hu.lproj/InfoPlist.strings</string>
			<key>sourceTree</key>
			<string>&lt;group&gt;</string>
		</dict>
		<key>71D16B771D7EDC98000B7DCE</key>
		<dict>
			<key>isa</key>
			<string>PBXFileReference</string>
			<key>lastKnownFileType</key>
			<string>text.plist.strings</string>
			<key>name</key>
			<string>ca</string>
			<key>path</key>
			<string>ca.lproj/InfoPlist.strings</string>
			<key>sourceTree</key>
			<string>&lt;group&gt;</string>
		</dict>
		<key>71D16B781D7EDC9B000B7DCE</key>
		<dict>
			<key>isa</key>
			<string>PBXFileReference</string>
			<key>lastKnownFileType</key>
			<string>text.plist.strings</string>
			<key>name</key>
			<string>hr</string>
			<key>path</key>
			<string>hr.lproj/InfoPlist.strings</string>
			<key>sourceTree</key>
			<string>&lt;group&gt;</string>
		</dict>
		<key>71D16B791D7EDC9E000B7DCE</key>
		<dict>
			<key>isa</key>
			<string>PBXFileReference</string>
			<key>lastKnownFileType</key>
			<string>text.plist.strings</string>
			<key>name</key>
			<string>el</string>
			<key>path</key>
			<string>el.lproj/InfoPlist.strings</string>
			<key>sourceTree</key>
			<string>&lt;group&gt;</string>
		</dict>
		<key>71D16B7A1D7EDCA0000B7DCE</key>
		<dict>
			<key>isa</key>
			<string>PBXFileReference</string>
			<key>lastKnownFileType</key>
			<string>text.plist.strings</string>
			<key>name</key>
			<string>he</string>
			<key>path</key>
			<string>he.lproj/InfoPlist.strings</string>
			<key>sourceTree</key>
			<string>&lt;group&gt;</string>
		</dict>
		<key>71D16B7B1D7EDCA3000B7DCE</key>
		<dict>
			<key>isa</key>
			<string>PBXFileReference</string>
			<key>lastKnownFileType</key>
			<string>text.plist.strings</string>
			<key>name</key>
			<string>ro</string>
			<key>path</key>
			<string>ro.lproj/InfoPlist.strings</string>
			<key>sourceTree</key>
			<string>&lt;group&gt;</string>
		</dict>
		<key>71D16B7C1D7EDCA6000B7DCE</key>
		<dict>
			<key>isa</key>
			<string>PBXFileReference</string>
			<key>lastKnownFileType</key>
			<string>text.plist.strings</string>
			<key>name</key>
			<string>sk</string>
			<key>path</key>
			<string>sk.lproj/InfoPlist.strings</string>
			<key>sourceTree</key>
			<string>&lt;group&gt;</string>
		</dict>
		<key>71D16B7D1D7EDCA9000B7DCE</key>
		<dict>
			<key>isa</key>
			<string>PBXFileReference</string>
			<key>lastKnownFileType</key>
			<string>text.plist.strings</string>
			<key>name</key>
			<string>uk</string>
			<key>path</key>
			<string>uk.lproj/InfoPlist.strings</string>
			<key>sourceTree</key>
			<string>&lt;group&gt;</string>
		</dict>
		<key>71D16B7E1D7EDCAB000B7DCE</key>
		<dict>
			<key>isa</key>
			<string>PBXFileReference</string>
			<key>lastKnownFileType</key>
			<string>text.plist.strings</string>
			<key>name</key>
			<string>id</string>
			<key>path</key>
			<string>id.lproj/InfoPlist.strings</string>
			<key>sourceTree</key>
			<string>&lt;group&gt;</string>
		</dict>
		<key>71D16B7F1D7EDCAF000B7DCE</key>
		<dict>
			<key>isa</key>
			<string>PBXFileReference</string>
			<key>lastKnownFileType</key>
			<string>text.plist.strings</string>
			<key>name</key>
			<string>ms</string>
			<key>path</key>
			<string>ms.lproj/InfoPlist.strings</string>
			<key>sourceTree</key>
			<string>&lt;group&gt;</string>
		</dict>
		<key>71D16B801D7EDCB1000B7DCE</key>
		<dict>
			<key>isa</key>
			<string>PBXFileReference</string>
			<key>lastKnownFileType</key>
			<string>text.plist.strings</string>
			<key>name</key>
			<string>vi</string>
			<key>path</key>
			<string>vi.lproj/InfoPlist.strings</string>
			<key>sourceTree</key>
			<string>&lt;group&gt;</string>
		</dict>
		<key>71F71CE819A622FE00B3D370</key>
		<dict>
			<key>isa</key>
			<string>PBXFileReference</string>
			<key>lastKnownFileType</key>
			<string>wrapper.framework</string>
			<key>name</key>
			<string>WebKit.framework</string>
			<key>path</key>
			<string>System/Library/Frameworks/WebKit.framework</string>
			<key>sourceTree</key>
			<string>SDKROOT</string>
		</dict>
		<key>71F71CE919A622FE00B3D370</key>
		<dict>
			<key>fileRef</key>
			<string>71F71CE819A622FE00B3D370</string>
			<key>isa</key>
			<string>PBXBuildFile</string>
		</dict>
		<key>8e3cfe00-65cf-4aea-a955-bbc06f6fd091build</key>
		<dict>
			<key>fileRef</key>
			<string>8e3cfe00-65cf-4aea-a955-bbc06f6fd091file</string>
			<key>isa</key>
			<string>PBXBuildFile</string>
			<key>settings</key>
			<dict>
				<key>ATTRIBUTES</key>
				<array>
					<string>Weak</string>
				</array>
			</dict>
		</dict>
		<key>8e3cfe00-65cf-4aea-a955-bbc06f6fd091file</key>
		<dict>
			<key>isa</key>
			<string>PBXFileReference</string>
			<key>path</key>
			<string>usr/lib/libz.dylib</string>
			<key>sourceTree</key>
			<string>SDKROOT</string>
		</dict>
		<key>B307826315C2A393006798D7</key>
		<dict>
			<key>isa</key>
			<string>PBXFileReference</string>
			<key>lastKnownFileType</key>
			<string>wrapper.framework</string>
			<key>name</key>
			<string>AssetsLibrary.framework</string>
			<key>path</key>
			<string>System/Library/Frameworks/AssetsLibrary.framework</string>
			<key>sourceTree</key>
			<string>SDKROOT</string>
		</dict>
		<key>B307826415C2A393006798D7</key>
		<dict>
			<key>fileRef</key>
			<string>B307826315C2A393006798D7</string>
			<key>isa</key>
			<string>PBXBuildFile</string>
		</dict>
		<key>B307826B15C2A44F006798D7</key>
		<dict>
			<key>isa</key>
			<string>PBXFileReference</string>
			<key>lastKnownFileType</key>
			<string>wrapper.framework</string>
			<key>name</key>
			<string>SystemConfiguration.framework</string>
			<key>path</key>
			<string>System/Library/Frameworks/SystemConfiguration.framework</string>
			<key>sourceTree</key>
			<string>SDKROOT</string>
		</dict>
		<key>B307826C15C2A44F006798D7</key>
		<dict>
			<key>fileRef</key>
			<string>B307826B15C2A44F006798D7</string>
			<key>isa</key>
			<string>PBXBuildFile</string>
		</dict>
		<key>B307826D15C2A47B006798D7</key>
		<dict>
			<key>isa</key>
			<string>PBXFileReference</string>
			<key>lastKnownFileType</key>
			<string>folder</string>
			<key>path</key>
			<string>assets</string>
			<key>sourceTree</key>
			<string>&lt;group&gt;</string>
		</dict>
		<key>B307826E15C2A47B006798D7</key>
		<dict>
			<key>fileRef</key>
			<string>B307826D15C2A47B006798D7</string>
			<key>isa</key>
			<string>PBXBuildFile</string>
		</dict>
		<key>B3E5837A162714AD00BD59DD</key>
		<dict>
			<key>isa</key>
			<string>PBXFileReference</string>
			<key>lastKnownFileType</key>
			<string>wrapper.pb-project</string>
			<key>name</key>
			<string>ForgeModule.xcodeproj</string>
			<key>path</key>
			<string>ForgeModule/ForgeModule.xcodeproj</string>
			<key>sourceTree</key>
			<string>SOURCE_ROOT</string>
		</dict>
		<key>B3E5837B162714AD00BD59DD</key>
		<dict>
			<key>children</key>
			<array>
				<string>B3E58384162714AD00BD59DD</string>
				<string>B3E58386162714AD00BD59DD</string>
			</array>
			<key>isa</key>
			<string>PBXGroup</string>
			<key>name</key>
			<string>Products</string>
			<key>sourceTree</key>
			<string>&lt;group&gt;</string>
		</dict>
		<key>B3E58383162714AD00BD59DD</key>
		<dict>
			<key>containerPortal</key>
			<string>B3E5837A162714AD00BD59DD</string>
			<key>isa</key>
			<string>PBXContainerItemProxy</string>
			<key>proxyType</key>
			<string>2</string>
			<key>remoteGlobalIDString</key>
			<string>B31B6D4E15C13D5200854074</string>
			<key>remoteInfo</key>
			<string>ForgeCore</string>
		</dict>
		<key>B3E58384162714AD00BD59DD</key>
		<dict>
			<key>fileType</key>
			<string>archive.ar</string>
			<key>isa</key>
			<string>PBXReferenceProxy</string>
			<key>path</key>
			<string>libForgeModule.a</string>
			<key>remoteRef</key>
			<string>B3E58383162714AD00BD59DD</string>
			<key>sourceTree</key>
			<string>BUILT_PRODUCTS_DIR</string>
		</dict>
		<key>B3E58385162714AD00BD59DD</key>
		<dict>
			<key>containerPortal</key>
			<string>B3E5837A162714AD00BD59DD</string>
			<key>isa</key>
			<string>PBXContainerItemProxy</string>
			<key>proxyType</key>
			<string>2</string>
			<key>remoteGlobalIDString</key>
			<string>B31B6D6D15C1467100854074</string>
			<key>remoteInfo</key>
			<string>ForgeCoreResources</string>
		</dict>
		<key>B3E58386162714AD00BD59DD</key>
		<dict>
			<key>fileType</key>
			<string>wrapper.cfbundle</string>
			<key>isa</key>
			<string>PBXReferenceProxy</string>
			<key>path</key>
			<string>templatemodule.bundle</string>
			<key>remoteRef</key>
			<string>B3E58385162714AD00BD59DD</string>
			<key>sourceTree</key>
			<string>BUILT_PRODUCTS_DIR</string>
		</dict>
		<key>B3E58389162714C600BD59DD</key>
		<dict>
			<key>containerPortal</key>
			<string>B3E5837A162714AD00BD59DD</string>
			<key>isa</key>
			<string>PBXContainerItemProxy</string>
			<key>proxyType</key>
			<string>1</string>
			<key>remoteGlobalIDString</key>
			<string>B31B6D4D15C13D5200854074</string>
			<key>remoteInfo</key>
			<string>ForgeModule</string>
		</dict>
		<key>B3E5838A162714C600BD59DD</key>
		<dict>
			<key>isa</key>
			<string>PBXTargetDependency</string>
			<key>name</key>
			<string>ForgeModule</string>
			<key>targetProxy</key>
			<string>B3E58389162714C600BD59DD</string>
		</dict>
		<key>B3E5838B162714C600BD59DD</key>
		<dict>
			<key>containerPortal</key>
			<string>B3E5837A162714AD00BD59DD</string>
			<key>isa</key>
			<string>PBXContainerItemProxy</string>
			<key>proxyType</key>
			<string>1</string>
			<key>remoteGlobalIDString</key>
			<string>B31B6D6C15C1467100854074</string>
			<key>remoteInfo</key>
			<string>ForgeModuleResources</string>
		</dict>
		<key>B3E5838C162714C600BD59DD</key>
		<dict>
			<key>isa</key>
			<string>PBXTargetDependency</string>
			<key>name</key>
			<string>ForgeModuleResources</string>
			<key>targetProxy</key>
			<string>B3E5838B162714C600BD59DD</string>
		</dict>
		<key>B3E9B87415C2ED5F00590095</key>
		<dict>
			<key>buildConfigurationList</key>
			<string>B3E9B87515C2ED5F00590095</string>
			<key>buildPhases</key>
			<array>
				<string>B3E9B87815C2EDC300590095</string>
			</array>
			<key>dependencies</key>
			<array>
			</array>
			<key>isa</key>
			<string>PBXAggregateTarget</string>
			<key>name</key>
			<string>UniversalForgeModule</string>
			<key>productName</key>
			<string>UniversalForgeModule</string>
		</dict>
		<key>B3E9B87515C2ED5F00590095</key>
		<dict>
			<key>buildConfigurations</key>
			<array>
				<string>B3E9B87615C2ED5F00590095</string>
				<string>B3E9B87715C2ED5F00590095</string>
			</array>
			<key>defaultConfigurationIsVisible</key>
			<string>0</string>
			<key>defaultConfigurationName</key>
			<string>Release</string>
			<key>isa</key>
			<string>XCConfigurationList</string>
		</dict>
		<key>B3E9B87615C2ED5F00590095</key>
		<dict>
			<key>buildSettings</key>
			<dict>
				<key>PRODUCT_NAME</key>
				<string>$(TARGET_NAME)</string>
			</dict>
			<key>isa</key>
			<string>XCBuildConfiguration</string>
			<key>name</key>
			<string>Debug</string>
		</dict>
		<key>B3E9B87715C2ED5F00590095</key>
		<dict>
			<key>buildSettings</key>
			<dict>
				<key>PRODUCT_NAME</key>
				<string>$(TARGET_NAME)</string>
			</dict>
			<key>isa</key>
			<string>XCBuildConfiguration</string>
			<key>name</key>
			<string>Release</string>
		</dict>
		<key>B3E9B87815C2EDC300590095</key>
		<dict>
			<key>buildActionMask</key>
			<string>2147483647</string>
			<key>files</key>
			<array>
			</array>
			<key>inputPaths</key>
			<array>
			</array>
			<key>isa</key>
			<string>PBXShellScriptBuildPhase</string>
			<key>outputPaths</key>
			<array>
			</array>
			<key>runOnlyForDeploymentPostprocessing</key>
			<string>0</string>
			<key>shellPath</key>
			<string>/bin/sh</string>
			<key>shellScript</key>
			<string># Building both architectures.
cd ForgeModule
xcodebuild VALID_ARCHS="armv7 armv7s arm64" ONLY_ACTIVE_ARCH=NO ARCHS="armv7 armv7s arm64" -configuration "Release" -target ForgeModule -sdk iphoneos
xcodebuild -configuration "Release" -target ForgeModuleResources -sdk iphoneos
xcodebuild -configuration "Release" -target ForgeModule -sdk iphonesimulator

rm -rf ../build
mkdir ../build

# Uses the Lipo Tool to merge both binary files (i386/x86_64 + armv7/armv7s/arm64) into one Universal final product.
lipo -create "build/Release-iphoneos/libForgeModule.a" "build/Release-iphonesimulator/libForgeModule.a" -output "../build/module.a"
mv build/Release-iphoneos/*.bundle ../build 2&gt;&gt;/dev/null || echo "No bundle file."
</string>
		</dict>
		<key>B3F0CB92163AD60B005E099F</key>
		<dict>
			<key>fileRef</key>
			<string>B3E58384162714AD00BD59DD</string>
			<key>isa</key>
			<string>PBXBuildFile</string>
		</dict>
		<key>B3FC516C15C14B2A003574D9</key>
		<dict>
			<key>children</key>
			<array>
				<string>B3E5837A162714AD00BD59DD</string>
				<string>B3FC518115C14B2A003574D9</string>
				<string>B3FC517A15C14B2A003574D9</string>
				<string>B3FC517815C14B2A003574D9</string>
			</array>
			<key>isa</key>
			<string>PBXGroup</string>
			<key>sourceTree</key>
			<string>&lt;group&gt;</string>
		</dict>
		<key>B3FC516E15C14B2A003574D9</key>
		<dict>
			<key>attributes</key>
			<dict>
				<key>LastUpgradeCheck</key>
				<string>0900</string>
				<key>ORGANIZATIONNAME</key>
				<string>Trigger Corp</string>
			</dict>
			<key>buildConfigurationList</key>
			<string>B3FC517115C14B2A003574D9</string>
			<key>compatibilityVersion</key>
			<string>Xcode 3.2</string>
			<key>developmentRegion</key>
			<string>English</string>
			<key>hasScannedForEncodings</key>
			<string>0</string>
			<key>isa</key>
			<string>PBXProject</string>
			<key>knownRegions</key>
			<array>
				<string>en</string>
				<string>fr</string>
				<string>af</string>
				<string>de</string>
				<string>zh-Hans</string>
				<string>zh-Hant</string>
				<string>ja</string>
				<string>es</string>
				<string>es-MX</string>
				<string>it</string>
				<string>nl</string>
				<string>pt-BR</string>
				<string>ko</string>
				<string>pt-PT</string>
				<string>da</string>
				<string>fi</string>
				<string>nb</string>
				<string>sv</string>
				<string>ru</string>
				<string>pl</string>
				<string>tr</string>
				<string>ar</string>
				<string>th</string>
				<string>cs</string>
				<string>hu</string>
				<string>ca</string>
				<string>hr</string>
				<string>el</string>
				<string>he</string>
				<string>ro</string>
				<string>sk</string>
				<string>uk</string>
				<string>id</string>
				<string>ms</string>
				<string>vi</string>
			</array>
			<key>mainGroup</key>
			<string>B3FC516C15C14B2A003574D9</string>
			<key>productRefGroup</key>
			<string>B3FC517815C14B2A003574D9</string>
			<key>projectDirPath</key>
			<string></string>
			<key>projectReferences</key>
			<array>
				<dict>
					<key>ProductGroup</key>
					<string>B3E5837B162714AD00BD59DD</string>
					<key>ProjectRef</key>
					<string>B3E5837A162714AD00BD59DD</string>
				</dict>
			</array>
			<key>projectRoot</key>
			<string></string>
			<key>targets</key>
			<array>
				<string>B3FC517615C14B2A003574D9</string>
				<string>B3E9B87415C2ED5F00590095</string>
			</array>
		</dict>
		<key>B3FC517115C14B2A003574D9</key>
		<dict>
			<key>buildConfigurations</key>
			<array>
				<string>B3FC518D15C14B2A003574D9</string>
				<string>B3FC518E15C14B2A003574D9</string>
			</array>
			<key>defaultConfigurationIsVisible</key>
			<string>0</string>
			<key>defaultConfigurationName</key>
			<string>Release</string>
			<key>isa</key>
			<string>XCConfigurationList</string>
		</dict>
		<key>B3FC517315C14B2A003574D9</key>
		<dict>
			<key>buildActionMask</key>
			<string>2147483647</string>
			<key>files</key>
			<array>
				<string>B3FC518815C14B2A003574D9</string>
			</array>
			<key>isa</key>
			<string>PBXSourcesBuildPhase</string>
			<key>runOnlyForDeploymentPostprocessing</key>
			<string>0</string>
		</dict>
		<key>B3FC517415C14B2A003574D9</key>
		<dict>
			<key>buildActionMask</key>
			<string>2147483647</string>
			<key>files</key>
			<array>
				<string>B3F0CB92163AD60B005E099F</string>
				<string>714102ED1F9F87B7002368E7</string>
				<string>714102EF1F9F87C5002368E7</string>
				<string>71F71CE919A622FE00B3D370</string>
				<string>B307826C15C2A44F006798D7</string>
				<string>B307826415C2A393006798D7</string>
				<string>B3FC517C15C14B2A003574D9</string>
				<string>B3FC517E15C14B2A003574D9</string>
				<string>B3FC518015C14B2A003574D9</string>
				<string>B3FC519315C14B35003574D9</string>
				<string>6604b0d9-9619-464d-be0f-046cdc581ba4build</string>
				<string>30541f81-723e-4acf-8bd1-4b1459589423build</string>
				<string>f82b1a78-1f96-42b9-819c-7780b9fbef05build</string>
				<string>8e3cfe00-65cf-4aea-a955-bbc06f6fd091build</string>
				<string>2b3cb8b7-311f-4fb7-8749-51484adf9bf2build</string>
			</array>
			<key>isa</key>
			<string>PBXFrameworksBuildPhase</string>
			<key>runOnlyForDeploymentPostprocessing</key>
			<string>0</string>
		</dict>
		<key>B3FC517515C14B2A003574D9</key>
		<dict>
			<key>buildActionMask</key>
			<string>2147483647</string>
			<key>files</key>
			<array>
				<string>718AC6F11D5DB666008FB3AE</string>
				<string>718AC6EF1D5DB666008FB3AE</string>
				<string>B3FC519515C14B3C003574D9</string>
				<string>718AC6F01D5DB666008FB3AE</string>
				<string>718AC6F41D5DB666008FB3AE</string>
				<string>71BA1B5B1D93CF7100008EC9</string>
				<string>718AC6F31D5DB666008FB3AE</string>
				<string>718AC6F21D5DB666008FB3AE</string>
				<string>71D16B5C1D7EDC28000B7DCE</string>
				<string>B307826E15C2A47B006798D7</string>
			</array>
			<key>isa</key>
			<string>PBXResourcesBuildPhase</string>
			<key>runOnlyForDeploymentPostprocessing</key>
			<string>0</string>
		</dict>
		<key>B3FC517615C14B2A003574D9</key>
		<dict>
			<key>buildConfigurationList</key>
			<string>B3FC518F15C14B2A003574D9</string>
			<key>buildPhases</key>
			<array>
				<string>B3FC517315C14B2A003574D9</string>
				<string>B3FC517415C14B2A003574D9</string>
				<string>B3FC517515C14B2A003574D9</string>
			</array>
			<key>buildRules</key>
			<array>
			</array>
			<key>dependencies</key>
			<array>
				<string>B3E5838A162714C600BD59DD</string>
				<string>B3E5838C162714C600BD59DD</string>
			</array>
			<key>isa</key>
			<string>PBXNativeTarget</string>
			<key>name</key>
			<string>ForgeInspector</string>
			<key>productName</key>
			<string>ForgeInspector</string>
			<key>productReference</key>
			<string>B3FC517715C14B2A003574D9</string>
			<key>productType</key>
			<string>com.apple.product-type.application</string>
		</dict>
		<key>B3FC517715C14B2A003574D9</key>
		<dict>
			<key>explicitFileType</key>
			<string>wrapper.application</string>
			<key>includeInIndex</key>
			<string>0</string>
			<key>isa</key>
			<string>PBXFileReference</string>
			<key>path</key>
			<string>ForgeInspector.app</string>
			<key>sourceTree</key>
			<string>BUILT_PRODUCTS_DIR</string>
		</dict>
		<key>B3FC517815C14B2A003574D9</key>
		<dict>
			<key>children</key>
			<array>
				<string>B3FC517715C14B2A003574D9</string>
			</array>
			<key>isa</key>
			<string>PBXGroup</string>
			<key>name</key>
			<string>Products</string>
			<key>sourceTree</key>
			<string>&lt;group&gt;</string>
		</dict>
		<key>B3FC517A15C14B2A003574D9</key>
		<dict>
			<key>children</key>
			<array>
				<string>714102EE1F9F87BD002368E7</string>
				<string>714102EC1F9F87B0002368E7</string>
				<string>71F71CE819A622FE00B3D370</string>
				<string>B307826B15C2A44F006798D7</string>
				<string>B307826315C2A393006798D7</string>
				<string>B3FC519415C14B3C003574D9</string>
				<string>B3FC519215C14B35003574D9</string>
				<string>B3FC517B15C14B2A003574D9</string>
				<string>B3FC517D15C14B2A003574D9</string>
				<string>B3FC517F15C14B2A003574D9</string>
				<string>6604b0d9-9619-464d-be0f-046cdc581ba4file</string>
				<string>30541f81-723e-4acf-8bd1-4b1459589423file</string>
				<string>f82b1a78-1f96-42b9-819c-7780b9fbef05file</string>
				<string>8e3cfe00-65cf-4aea-a955-bbc06f6fd091file</string>
				<string>2b3cb8b7-311f-4fb7-8749-51484adf9bf2file</string>
			</array>
			<key>isa</key>
			<string>PBXGroup</string>
			<key>name</key>
			<string>Frameworks</string>
			<key>sourceTree</key>
			<string>&lt;group&gt;</string>
		</dict>
		<key>B3FC517B15C14B2A003574D9</key>
		<dict>
			<key>isa</key>
			<string>PBXFileReference</string>
			<key>lastKnownFileType</key>
			<string>wrapper.framework</string>
			<key>name</key>
			<string>UIKit.framework</string>
			<key>path</key>
			<string>System/Library/Frameworks/UIKit.framework</string>
			<key>sourceTree</key>
			<string>SDKROOT</string>
		</dict>
		<key>B3FC517C15C14B2A003574D9</key>
		<dict>
			<key>fileRef</key>
			<string>B3FC517B15C14B2A003574D9</string>
			<key>isa</key>
			<string>PBXBuildFile</string>
		</dict>
		<key>B3FC517D15C14B2A003574D9</key>
		<dict>
			<key>isa</key>
			<string>PBXFileReference</string>
			<key>lastKnownFileType</key>
			<string>wrapper.framework</string>
			<key>name</key>
			<string>Foundation.framework</string>
			<key>path</key>
			<string>System/Library/Frameworks/Foundation.framework</string>
			<key>sourceTree</key>
			<string>SDKROOT</string>
		</dict>
		<key>B3FC517E15C14B2A003574D9</key>
		<dict>
			<key>fileRef</key>
			<string>B3FC517D15C14B2A003574D9</string>
			<key>isa</key>
			<string>PBXBuildFile</string>
		</dict>
		<key>B3FC517F15C14B2A003574D9</key>
		<dict>
			<key>isa</key>
			<string>PBXFileReference</string>
			<key>lastKnownFileType</key>
			<string>wrapper.framework</string>
			<key>name</key>
			<string>CoreGraphics.framework</string>
			<key>path</key>
			<string>System/Library/Frameworks/CoreGraphics.framework</string>
			<key>sourceTree</key>
			<string>SDKROOT</string>
		</dict>
		<key>B3FC518015C14B2A003574D9</key>
		<dict>
			<key>fileRef</key>
			<string>B3FC517F15C14B2A003574D9</string>
			<key>isa</key>
			<string>PBXBuildFile</string>
		</dict>
		<key>B3FC518115C14B2A003574D9</key>
		<dict>
			<key>children</key>
			<array>
				<string>B307826D15C2A47B006798D7</string>
				<string>B3FC518215C14B2A003574D9</string>
			</array>
			<key>isa</key>
			<string>PBXGroup</string>
			<key>path</key>
			<string>ForgeInspector</string>
			<key>sourceTree</key>
			<string>&lt;group&gt;</string>
		</dict>
		<key>B3FC518215C14B2A003574D9</key>
		<dict>
			<key>children</key>
			<array>
				<string>71D16B591D7EDC0B000B7DCE</string>
				<string>718AC6EA1D5DB666008FB3AE</string>
				<string>B3FC518315C14B2A003574D9</string>
				<string>B3FC518715C14B2A003574D9</string>
				<string>B3FC518915C14B2A003574D9</string>
				<string>718AC6E81D5DB666008FB3AE</string>
				<string>71BA1B5A1D93CF7100008EC9</string>
				<string>718AC6E91D5DB666008FB3AE</string>
			</array>
			<key>isa</key>
			<string>PBXGroup</string>
			<key>name</key>
			<string>Supporting Files</string>
			<key>sourceTree</key>
			<string>&lt;group&gt;</string>
		</dict>
		<key>B3FC518315C14B2A003574D9</key>
		<dict>
			<key>isa</key>
			<string>PBXFileReference</string>
			<key>lastKnownFileType</key>
			<string>text.plist.xml</string>
			<key>path</key>
			<string>ForgeInspector-Info.plist</string>
			<key>sourceTree</key>
			<string>&lt;group&gt;</string>
		</dict>
		<key>B3FC518715C14B2A003574D9</key>
		<dict>
			<key>isa</key>
			<string>PBXFileReference</string>
			<key>lastKnownFileType</key>
			<string>sourcecode.c.objc</string>
			<key>path</key>
			<string>main.m</string>
			<key>sourceTree</key>
			<string>&lt;group&gt;</string>
		</dict>
		<key>B3FC518815C14B2A003574D9</key>
		<dict>
			<key>fileRef</key>
			<string>B3FC518715C14B2A003574D9</string>
			<key>isa</key>
			<string>PBXBuildFile</string>
		</dict>
		<key>B3FC518915C14B2A003574D9</key>
		<dict>
			<key>isa</key>
			<string>PBXFileReference</string>
			<key>lastKnownFileType</key>
			<string>sourcecode.c.h</string>
			<key>path</key>
			<string>ForgeInspector-Prefix.pch</string>
			<key>sourceTree</key>
			<string>&lt;group&gt;</string>
		</dict>
		<key>B3FC518D15C14B2A003574D9</key>
		<dict>
			<key>buildSettings</key>
			<dict>
				<key>ALWAYS_SEARCH_USER_PATHS</key>
				<string>NO</string>
				<key>CLANG_ANALYZER_LOCALIZABILITY_NONLOCALIZED</key>
				<string>YES</string>
				<key>CLANG_CXX_LANGUAGE_STANDARD</key>
				<string>gnu++0x</string>
				<key>CLANG_ENABLE_OBJC_ARC</key>
				<string>YES</string>
				<key>CLANG_WARN_BLOCK_CAPTURE_AUTORELEASING</key>
				<string>YES</string>
				<key>CLANG_WARN_BOOL_CONVERSION</key>
				<string>YES</string>
				<key>CLANG_WARN_COMMA</key>
				<string>YES</string>
				<key>CLANG_WARN_CONSTANT_CONVERSION</key>
				<string>YES</string>
				<key>CLANG_WARN_EMPTY_BODY</key>
				<string>YES</string>
				<key>CLANG_WARN_ENUM_CONVERSION</key>
				<string>YES</string>
				<key>CLANG_WARN_INFINITE_RECURSION</key>
				<string>YES</string>
				<key>CLANG_WARN_INT_CONVERSION</key>
				<string>YES</string>
				<key>CLANG_WARN_NON_LITERAL_NULL_CONVERSION</key>
				<string>YES</string>
				<key>CLANG_WARN_OBJC_LITERAL_CONVERSION</key>
				<string>YES</string>
				<key>CLANG_WARN_RANGE_LOOP_ANALYSIS</key>
				<string>YES</string>
				<key>CLANG_WARN_STRICT_PROTOTYPES</key>
				<string>YES</string>
				<key>CLANG_WARN_SUSPICIOUS_MOVE</key>
				<string>YES</string>
				<key>CLANG_WARN_UNREACHABLE_CODE</key>
				<string>YES</string>
				<key>CLANG_WARN__DUPLICATE_METHOD_MATCH</key>
				<string>YES</string>
				<key>CODE_SIGN_IDENTITY</key>
				<string>iPhone Developer</string>
				<key>COPY_PHASE_STRIP</key>
				<string>NO</string>
				<key>DEBUG_INFORMATION_FORMAT</key>
				<string>dwarf</string>
				<key>ENABLE_BITCODE</key>
				<string>NO</string>
				<key>ENABLE_STRICT_OBJC_MSGSEND</key>
				<string>YES</string>
				<key>ENABLE_TESTABILITY</key>
				<string>YES</string>
				<key>GCC_C_LANGUAGE_STANDARD</key>
				<string>gnu99</string>
				<key>GCC_DYNAMIC_NO_PIC</key>
				<string>NO</string>
				<key>GCC_NO_COMMON_BLOCKS</key>
				<string>YES</string>
				<key>GCC_OPTIMIZATION_LEVEL</key>
				<string>0</string>
				<key>GCC_PREPROCESSOR_DEFINITIONS</key>
				<array>
					<string>DEBUG=1</string>
					<string>$(inherited)</string>
				</array>
				<key>GCC_SYMBOLS_PRIVATE_EXTERN</key>
				<string>NO</string>
				<key>GCC_VERSION</key>
				<string>com.apple.compilers.llvm.clang.1_0</string>
				<key>GCC_WARN_64_TO_32_BIT_CONVERSION</key>
				<string>YES</string>
				<key>GCC_WARN_ABOUT_RETURN_TYPE</key>
				<string>YES</string>
				<key>GCC_WARN_UNDECLARED_SELECTOR</key>
				<string>YES</string>
				<key>GCC_WARN_UNINITIALIZED_AUTOS</key>
				<string>YES</string>
				<key>GCC_WARN_UNUSED_FUNCTION</key>
				<string>YES</string>
				<key>GCC_WARN_UNUSED_VARIABLE</key>
				<string>YES</string>
				<key>IPHONEOS_DEPLOYMENT_TARGET</key>
				<string>9.3</string>
				<key>ONLY_ACTIVE_ARCH</key>
				<string>YES</string>
				<key>SDKROOT</key>
				<string>iphoneos</string>
				<key>TARGETED_DEVICE_FAMILY</key>
				<string>1,2</string>
			</dict>
			<key>isa</key>
			<string>XCBuildConfiguration</string>
			<key>name</key>
			<string>Debug</string>
		</dict>
		<key>B3FC518E15C14B2A003574D9</key>
		<dict>
			<key>buildSettings</key>
			<dict>
				<key>ALWAYS_SEARCH_USER_PATHS</key>
				<string>NO</string>
				<key>CLANG_ANALYZER_LOCALIZABILITY_NONLOCALIZED</key>
				<string>YES</string>
				<key>CLANG_CXX_LANGUAGE_STANDARD</key>
				<string>gnu++0x</string>
				<key>CLANG_ENABLE_OBJC_ARC</key>
				<string>YES</string>
				<key>CLANG_WARN_BLOCK_CAPTURE_AUTORELEASING</key>
				<string>YES</string>
				<key>CLANG_WARN_BOOL_CONVERSION</key>
				<string>YES</string>
				<key>CLANG_WARN_COMMA</key>
				<string>YES</string>
				<key>CLANG_WARN_CONSTANT_CONVERSION</key>
				<string>YES</string>
				<key>CLANG_WARN_EMPTY_BODY</key>
				<string>YES</string>
				<key>CLANG_WARN_ENUM_CONVERSION</key>
				<string>YES</string>
				<key>CLANG_WARN_INFINITE_RECURSION</key>
				<string>YES</string>
				<key>CLANG_WARN_INT_CONVERSION</key>
				<string>YES</string>
				<key>CLANG_WARN_NON_LITERAL_NULL_CONVERSION</key>
				<string>YES</string>
				<key>CLANG_WARN_OBJC_LITERAL_CONVERSION</key>
				<string>YES</string>
				<key>CLANG_WARN_RANGE_LOOP_ANALYSIS</key>
				<string>YES</string>
				<key>CLANG_WARN_STRICT_PROTOTYPES</key>
				<string>YES</string>
				<key>CLANG_WARN_SUSPICIOUS_MOVE</key>
				<string>YES</string>
				<key>CLANG_WARN_UNREACHABLE_CODE</key>
				<string>YES</string>
				<key>CLANG_WARN__DUPLICATE_METHOD_MATCH</key>
				<string>YES</string>
				<key>CODE_SIGN_IDENTITY</key>
				<string>iPhone Developer</string>
				<key>COPY_PHASE_STRIP</key>
				<string>YES</string>
				<key>DEBUG_INFORMATION_FORMAT</key>
				<string>dwarf</string>
				<key>ENABLE_BITCODE</key>
				<string>NO</string>
				<key>ENABLE_STRICT_OBJC_MSGSEND</key>
				<string>YES</string>
				<key>GCC_C_LANGUAGE_STANDARD</key>
				<string>gnu99</string>
				<key>GCC_NO_COMMON_BLOCKS</key>
				<string>YES</string>
				<key>GCC_VERSION</key>
				<string>com.apple.compilers.llvm.clang.1_0</string>
				<key>GCC_WARN_64_TO_32_BIT_CONVERSION</key>
				<string>YES</string>
				<key>GCC_WARN_ABOUT_RETURN_TYPE</key>
				<string>YES</string>
				<key>GCC_WARN_UNDECLARED_SELECTOR</key>
				<string>YES</string>
				<key>GCC_WARN_UNINITIALIZED_AUTOS</key>
				<string>YES</string>
				<key>GCC_WARN_UNUSED_FUNCTION</key>
				<string>YES</string>
				<key>GCC_WARN_UNUSED_VARIABLE</key>
				<string>YES</string>
				<key>IPHONEOS_DEPLOYMENT_TARGET</key>
				<string>9.3</string>
				<key>OTHER_CFLAGS</key>
				<string>-DNS_BLOCK_ASSERTIONS=1</string>
				<key>SDKROOT</key>
				<string>iphoneos</string>
				<key>TARGETED_DEVICE_FAMILY</key>
				<string>1,2</string>
			</dict>
			<key>isa</key>
			<string>XCBuildConfiguration</string>
			<key>name</key>
			<string>Release</string>
		</dict>
		<key>B3FC518F15C14B2A003574D9</key>
		<dict>
			<key>buildConfigurations</key>
			<array>
				<string>B3FC519015C14B2A003574D9</string>
				<string>B3FC519115C14B2A003574D9</string>
			</array>
			<key>defaultConfigurationIsVisible</key>
			<string>0</string>
			<key>defaultConfigurationName</key>
			<string>Release</string>
			<key>isa</key>
			<string>XCConfigurationList</string>
		</dict>
		<key>B3FC519015C14B2A003574D9</key>
		<dict>
			<key>buildSettings</key>
			<dict>
				<key>ASSETCATALOG_COMPILER_APPICON_NAME</key>
				<string>AppIcon</string>
				<key>FRAMEWORK_SEARCH_PATHS</key>
				<array>
					<string>$(inherited)</string>
					<string>"$(SRCROOT)"</string>
				</array>
				<key>GCC_PRECOMPILE_PREFIX_HEADER</key>
				<string>YES</string>
				<key>GCC_PREFIX_HEADER</key>
				<string>ForgeInspector/ForgeInspector-Prefix.pch</string>
				<key>INFOPLIST_FILE</key>
				<string>ForgeInspector/ForgeInspector-Info.plist</string>
				<key>OTHER_LDFLAGS</key>
				<array>
					<string>-ObjC</string>
					<string>-all_load</string>
				</array>
				<key>PRODUCT_NAME</key>
				<string>$(TARGET_NAME)</string>
				<key>WRAPPER_EXTENSION</key>
				<string>app</string>
			</dict>
			<key>isa</key>
			<string>XCBuildConfiguration</string>
			<key>name</key>
			<string>Debug</string>
		</dict>
		<key>B3FC519115C14B2A003574D9</key>
		<dict>
			<key>buildSettings</key>
			<dict>
				<key>ASSETCATALOG_COMPILER_APPICON_NAME</key>
				<string>AppIcon</string>
				<key>FRAMEWORK_SEARCH_PATHS</key>
				<array>
					<string>$(inherited)</string>
					<string>"$(SRCROOT)"</string>
				</array>
				<key>GCC_PRECOMPILE_PREFIX_HEADER</key>
				<string>YES</string>
				<key>GCC_PREFIX_HEADER</key>
				<string>ForgeInspector/ForgeInspector-Prefix.pch</string>
				<key>INFOPLIST_FILE</key>
				<string>ForgeInspector/ForgeInspector-Info.plist</string>
				<key>OTHER_LDFLAGS</key>
				<array>
					<string>-ObjC</string>
					<string>-all_load</string>
				</array>
				<key>PRODUCT_NAME</key>
				<string>$(TARGET_NAME)</string>
				<key>WRAPPER_EXTENSION</key>
				<string>app</string>
			</dict>
			<key>isa</key>
			<string>XCBuildConfiguration</string>
			<key>name</key>
			<string>Release</string>
		</dict>
		<key>B3FC519215C14B35003574D9</key>
		<dict>
			<key>isa</key>
			<string>PBXFileReference</string>
			<key>lastKnownFileType</key>
			<string>wrapper.framework</string>
			<key>path</key>
			<string>ForgeCore.framework</string>
			<key>sourceTree</key>
			<string>&lt;group&gt;</string>
		</dict>
		<key>B3FC519315C14B35003574D9</key>
		<dict>
			<key>fileRef</key>
			<string>B3FC519215C14B35003574D9</string>
			<key>isa</key>
			<string>PBXBuildFile</string>
		</dict>
		<key>B3FC519415C14B3C003574D9</key>
		<dict>
			<key>isa</key>
			<string>PBXFileReference</string>
			<key>lastKnownFileType</key>
			<string>wrapper.plug-in</string>
			<key>path</key>
			<string>ForgeCore.bundle</string>
			<key>sourceTree</key>
			<string>&lt;group&gt;</string>
		</dict>
		<key>B3FC519515C14B3C003574D9</key>
		<dict>
			<key>fileRef</key>
			<string>B3FC519415C14B3C003574D9</string>
			<key>isa</key>
			<string>PBXBuildFile</string>
		</dict>
		<key>f82b1a78-1f96-42b9-819c-7780b9fbef05build</key>
		<dict>
			<key>fileRef</key>
			<string>f82b1a78-1f96-42b9-819c-7780b9fbef05file</string>
			<key>isa</key>
			<string>PBXBuildFile</string>
			<key>settings</key>
			<dict>
				<key>ATTRIBUTES</key>
				<array>
					<string>Weak</string>
				</array>
			</dict>
		</dict>
		<key>f82b1a78-1f96-42b9-819c-7780b9fbef05file</key>
		<dict>
			<key>isa</key>
			<string>PBXFileReference</string>
			<key>path</key>
			<string>System/Library/Frameworks/StoreKit.framework</string>
			<key>sourceTree</key>
			<string>SDKROOT</string>
		</dict>
	</dict>
	<key>rootObject</key>
	<string>B3FC516E15C14B2A003574D9</string>
</dict>
</plist>
